
Microsoft Visual Studio Solution File, Format Version 12.00
# Visual Studio Version 16
VisualStudioVersion = 16.0.30204.135
MinimumVisualStudioVersion = 10.0.40219.1
Project("{FAE04EC0-301F-11D3-BF4B-00C04F79EFBC}") = "FigureFactory", "FigureFactory\FigureFactory.csproj", "{B5F81086-F6CF-4ED1-9A67-99035C6A87B9}"
EndProject
Global
	GlobalSection(SolutionConfigurationPlatforms) = preSolution
		Debug|Any CPU = Debug|Any CPU
		Release|Any CPU = Release|Any CPU
	EndGlobalSection
	GlobalSection(ProjectConfigurationPlatforms) = postSolution
		{B5F81086-F6CF-4ED1-9A67-99035C6A87B9}.Debug|Any CPU.ActiveCfg = Debug|Any CPU
		{B5F81086-F6CF-4ED1-9A67-99035C6A87B9}.Debug|Any CPU.Build.0 = Debug|Any CPU
		{B5F81086-F6CF-4ED1-9A67-99035C6A87B9}.Release|Any CPU.ActiveCfg = Release|Any CPU
		{B5F81086-F6CF-4ED1-9A67-99035C6A87B9}.Release|Any CPU.Build.0 = Release|Any CPU
	EndGlobalSection
	GlobalSection(SolutionProperties) = preSolution
		HideSolutionNode = FALSE
	EndGlobalSection
	GlobalSection(ExtensibilityGlobals) = postSolution
		SolutionGuid = {C8DDA2C9-FFE1-4F39-815B-458FE7538C59}
	EndGlobalSection
EndGlobal
